// !$*UTF8*$!
{
	archiveVersion = 1;
	classes = {
	};
	objectVersion = 56;
	objects = {

/* Begin PBXBuildFile section */
		BA02AC212AEF4EBD005EA728 /* PayWithStar.swift in Sources */ = {isa = PBXBuildFile; fileRef = BA02AC202AEF4EBD005EA728 /* PayWithStar.swift */; };
		BA02AC232AEF5532005EA728 /* ScanToEarn.swift in Sources */ = {isa = PBXBuildFile; fileRef = BA02AC222AEF5532005EA728 /* ScanToEarn.swift */; };
		BA02AC262AEF6640005EA728 /* BasketVC.swift in Sources */ = {isa = PBXBuildFile; fileRef = BA02AC252AEF6640005EA728 /* BasketVC.swift */; };
		BA02AC282AEF68B7005EA728 /* BasketModel.swift in Sources */ = {isa = PBXBuildFile; fileRef = BA02AC272AEF68B7005EA728 /* BasketModel.swift */; };
		BA5EDD632AEF9B2B0019455F /* GiftVC.swift in Sources */ = {isa = PBXBuildFile; fileRef = BA5EDD622AEF9B2B0019455F /* GiftVC.swift */; };
		BA5EDD682AF093CD0019455F /* NavBarPresenter.swift in Sources */ = {isa = PBXBuildFile; fileRef = BA5EDD672AF093CD0019455F /* NavBarPresenter.swift */; };
		BA5EDD6E2AF0AD260019455F /* BackNavigate.swift in Sources */ = {isa = PBXBuildFile; fileRef = BA5EDD6D2AF0AD260019455F /* BackNavigate.swift */; };
		BA5EDD712AF0BEAB0019455F /* ProductDetailVC.swift in Sources */ = {isa = PBXBuildFile; fileRef = BA5EDD702AF0BEAB0019455F /* ProductDetailVC.swift */; };
		BA5EDD822AF107D00019455F /* ProductPresenter.swift in Sources */ = {isa = PBXBuildFile; fileRef = BA5EDD812AF107CF0019455F /* ProductPresenter.swift */; };
		BA5EDD862AF1EEB00019455F /* FloatHelper.swift in Sources */ = {isa = PBXBuildFile; fileRef = BA5EDD852AF1EEB00019455F /* FloatHelper.swift */; };
		BA5EDD892AF202F00019455F /* BasketItemVC.swift in Sources */ = {isa = PBXBuildFile; fileRef = BA5EDD882AF202F00019455F /* BasketItemVC.swift */; };
		BA5EDD8C2AF2063A0019455F /* BasketItemPresenter.swift in Sources */ = {isa = PBXBuildFile; fileRef = BA5EDD8B2AF2063A0019455F /* BasketItemPresenter.swift */; };
		BA9E1E8D2AF22FCE000747EC /* ScaleViewStyle.swift in Sources */ = {isa = PBXBuildFile; fileRef = BA9E1E8C2AF22FCE000747EC /* ScaleViewStyle.swift */; };
		BACA05FA2AEA501B0029076D /* ShopModel.swift in Sources */ = {isa = PBXBuildFile; fileRef = BACA05F92AEA501B0029076D /* ShopModel.swift */; };
		BACA05FD2AEB4B530029076D /* OrderVC.swift in Sources */ = {isa = PBXBuildFile; fileRef = BACA05FC2AEB4B530029076D /* OrderVC.swift */; };
		BACA05FF2AEB6B190029076D /* ProductCategoryModel.swift in Sources */ = {isa = PBXBuildFile; fileRef = BACA05FE2AEB6B190029076D /* ProductCategoryModel.swift */; };
		BACA06012AEB77CA0029076D /* ProductItemView.swift in Sources */ = {isa = PBXBuildFile; fileRef = BACA06002AEB77CA0029076D /* ProductItemView.swift */; };
		BACA06032AEB8B420029076D /* CoffeeShopView.swift in Sources */ = {isa = PBXBuildFile; fileRef = BACA06022AEB8B420029076D /* CoffeeShopView.swift */; };
		BACA06072AEB8F360029076D /* StarVC.swift in Sources */ = {isa = PBXBuildFile; fileRef = BACA06062AEB8F360029076D /* StarVC.swift */; };
		BACA060A2AEB933D0029076D /* ViewToUIImage.swift in Sources */ = {isa = PBXBuildFile; fileRef = BACA06092AEB933D0029076D /* ViewToUIImage.swift */; };
		BACA060C2AEB94CE0029076D /* StarViewModel.swift in Sources */ = {isa = PBXBuildFile; fileRef = BACA060B2AEB94CE0029076D /* StarViewModel.swift */; };
		BACA060F2AEBAECB0029076D /* CustomSegment.swift in Sources */ = {isa = PBXBuildFile; fileRef = BACA060E2AEBAECB0029076D /* CustomSegment.swift */; };
		BAF1A8492AE902F1005C3240 /* StarbuckRevampApp.swift in Sources */ = {isa = PBXBuildFile; fileRef = BAF1A8482AE902F1005C3240 /* StarbuckRevampApp.swift */; };
		BAF1A8832AE90505005C3240 /* Assets.xcassets in Resources */ = {isa = PBXBuildFile; fileRef = BAF1A8822AE90505005C3240 /* Assets.xcassets */; };
		BAF1A8862AE90567005C3240 /* Preview Assets.xcassets in Resources */ = {isa = PBXBuildFile; fileRef = BAF1A8852AE90567005C3240 /* Preview Assets.xcassets */; };
		BAF1A88F2AE9062E005C3240 /* UIImageExtention.swift in Sources */ = {isa = PBXBuildFile; fileRef = BAF1A88D2AE9062E005C3240 /* UIImageExtention.swift */; };
		BAF1A8902AE9062E005C3240 /* ViewExtension.swift in Sources */ = {isa = PBXBuildFile; fileRef = BAF1A88E2AE9062E005C3240 /* ViewExtension.swift */; };
		BAF1A8922AE9063C005C3240 /* HomeVC.swift in Sources */ = {isa = PBXBuildFile; fileRef = BAF1A8912AE9063C005C3240 /* HomeVC.swift */; };
		BAF1A8942AE90644005C3240 /* NavBar.swift in Sources */ = {isa = PBXBuildFile; fileRef = BAF1A8932AE90644005C3240 /* NavBar.swift */; };
		BAF1A8962AE90672005C3240 /* Colors.swift in Sources */ = {isa = PBXBuildFile; fileRef = BAF1A8952AE90672005C3240 /* Colors.swift */; };
		BAF1A8982AE9F56F005C3240 /* Icons.swift in Sources */ = {isa = PBXBuildFile; fileRef = BAF1A8972AE9F56F005C3240 /* Icons.swift */; };
		BAF1A8A02AEA077A005C3240 /* WorkSans-Regular.ttf in Resources */ = {isa = PBXBuildFile; fileRef = BAF1A89B2AEA077A005C3240 /* WorkSans-Regular.ttf */; };
		BAF1A8A12AEA077A005C3240 /* WorkSans-Light.ttf in Resources */ = {isa = PBXBuildFile; fileRef = BAF1A89C2AEA077A005C3240 /* WorkSans-Light.ttf */; };
		BAF1A8A22AEA077A005C3240 /* WorkSans-Medium.ttf in Resources */ = {isa = PBXBuildFile; fileRef = BAF1A89D2AEA077A005C3240 /* WorkSans-Medium.ttf */; };
		BAF1A8A32AEA077A005C3240 /* WorkSans-SemiBold.ttf in Resources */ = {isa = PBXBuildFile; fileRef = BAF1A89E2AEA077A005C3240 /* WorkSans-SemiBold.ttf */; };
		BAF1A8A42AEA077A005C3240 /* WorkSans-Bold.ttf in Resources */ = {isa = PBXBuildFile; fileRef = BAF1A89F2AEA077A005C3240 /* WorkSans-Bold.ttf */; };
		BAF1A8AD2AEA1299005C3240 /* Nunito-Medium.ttf in Resources */ = {isa = PBXBuildFile; fileRef = BAF1A8A72AEA1299005C3240 /* Nunito-Medium.ttf */; };
		BAF1A8AE2AEA1299005C3240 /* Nunito-ExtraBold.ttf in Resources */ = {isa = PBXBuildFile; fileRef = BAF1A8A82AEA1299005C3240 /* Nunito-ExtraBold.ttf */; };
		BAF1A8AF2AEA1299005C3240 /* Nunito-Light.ttf in Resources */ = {isa = PBXBuildFile; fileRef = BAF1A8A92AEA1299005C3240 /* Nunito-Light.ttf */; };
		BAF1A8B02AEA1299005C3240 /* Nunito-Regular.ttf in Resources */ = {isa = PBXBuildFile; fileRef = BAF1A8AA2AEA1299005C3240 /* Nunito-Regular.ttf */; };
		BAF1A8B12AEA1299005C3240 /* Nunito-SemiBold.ttf in Resources */ = {isa = PBXBuildFile; fileRef = BAF1A8AB2AEA1299005C3240 /* Nunito-SemiBold.ttf */; };
		BAF1A8B22AEA1299005C3240 /* Nunito-Bold.ttf in Resources */ = {isa = PBXBuildFile; fileRef = BAF1A8AC2AEA1299005C3240 /* Nunito-Bold.ttf */; };
		BAF1A8B52AEA26AA005C3240 /* ProductModel.swift in Sources */ = {isa = PBXBuildFile; fileRef = BAF1A8B42AEA26AA005C3240 /* ProductModel.swift */; };
/* End PBXBuildFile section */

/* Begin PBXFileReference section */
		BA02AC202AEF4EBD005EA728 /* PayWithStar.swift */ = {isa = PBXFileReference; lastKnownFileType = sourcecode.swift; path = PayWithStar.swift; sourceTree = "<group>"; };
		BA02AC222AEF5532005EA728 /* ScanToEarn.swift */ = {isa = PBXFileReference; lastKnownFileType = sourcecode.swift; path = ScanToEarn.swift; sourceTree = "<group>"; };
		BA02AC252AEF6640005EA728 /* BasketVC.swift */ = {isa = PBXFileReference; lastKnownFileType = sourcecode.swift; path = BasketVC.swift; sourceTree = "<group>"; };
		BA02AC272AEF68B7005EA728 /* BasketModel.swift */ = {isa = PBXFileReference; lastKnownFileType = sourcecode.swift; path = BasketModel.swift; sourceTree = "<group>"; };
		BA5EDD622AEF9B2B0019455F /* GiftVC.swift */ = {isa = PBXFileReference; lastKnownFileType = sourcecode.swift; path = GiftVC.swift; sourceTree = "<group>"; };
		BA5EDD672AF093CD0019455F /* NavBarPresenter.swift */ = {isa = PBXFileReference; lastKnownFileType = sourcecode.swift; path = NavBarPresenter.swift; sourceTree = "<group>"; };
		BA5EDD6D2AF0AD260019455F /* BackNavigate.swift */ = {isa = PBXFileReference; lastKnownFileType = sourcecode.swift; path = BackNavigate.swift; sourceTree = "<group>"; };
		BA5EDD702AF0BEAB0019455F /* ProductDetailVC.swift */ = {isa = PBXFileReference; lastKnownFileType = sourcecode.swift; path = ProductDetailVC.swift; sourceTree = "<group>"; };
		BA5EDD812AF107CF0019455F /* ProductPresenter.swift */ = {isa = PBXFileReference; lastKnownFileType = sourcecode.swift; path = ProductPresenter.swift; sourceTree = "<group>"; };
		BA5EDD852AF1EEB00019455F /* FloatHelper.swift */ = {isa = PBXFileReference; lastKnownFileType = sourcecode.swift; path = FloatHelper.swift; sourceTree = "<group>"; };
		BA5EDD882AF202F00019455F /* BasketItemVC.swift */ = {isa = PBXFileReference; lastKnownFileType = sourcecode.swift; path = BasketItemVC.swift; sourceTree = "<group>"; };
		BA5EDD8B2AF2063A0019455F /* BasketItemPresenter.swift */ = {isa = PBXFileReference; lastKnownFileType = sourcecode.swift; path = BasketItemPresenter.swift; sourceTree = "<group>"; };
		BA9E1E8C2AF22FCE000747EC /* ScaleViewStyle.swift */ = {isa = PBXFileReference; lastKnownFileType = sourcecode.swift; path = ScaleViewStyle.swift; sourceTree = "<group>"; };
		BACA05F92AEA501B0029076D /* ShopModel.swift */ = {isa = PBXFileReference; lastKnownFileType = sourcecode.swift; path = ShopModel.swift; sourceTree = "<group>"; };
		BACA05FC2AEB4B530029076D /* OrderVC.swift */ = {isa = PBXFileReference; lastKnownFileType = sourcecode.swift; path = OrderVC.swift; sourceTree = "<group>"; };
		BACA05FE2AEB6B190029076D /* ProductCategoryModel.swift */ = {isa = PBXFileReference; lastKnownFileType = sourcecode.swift; path = ProductCategoryModel.swift; sourceTree = "<group>"; };
		BACA06002AEB77CA0029076D /* ProductItemView.swift */ = {isa = PBXFileReference; lastKnownFileType = sourcecode.swift; path = ProductItemView.swift; sourceTree = "<group>"; };
		BACA06022AEB8B420029076D /* CoffeeShopView.swift */ = {isa = PBXFileReference; lastKnownFileType = sourcecode.swift; path = CoffeeShopView.swift; sourceTree = "<group>"; };
		BACA06062AEB8F360029076D /* StarVC.swift */ = {isa = PBXFileReference; lastKnownFileType = sourcecode.swift; path = StarVC.swift; sourceTree = "<group>"; };
		BACA06092AEB933D0029076D /* ViewToUIImage.swift */ = {isa = PBXFileReference; lastKnownFileType = sourcecode.swift; path = ViewToUIImage.swift; sourceTree = "<group>"; };
		BACA060B2AEB94CE0029076D /* StarViewModel.swift */ = {isa = PBXFileReference; lastKnownFileType = sourcecode.swift; path = StarViewModel.swift; sourceTree = "<group>"; };
		BACA060E2AEBAECB0029076D /* CustomSegment.swift */ = {isa = PBXFileReference; lastKnownFileType = sourcecode.swift; path = CustomSegment.swift; sourceTree = "<group>"; };
		BAF1A8452AE902F1005C3240 /* StarbuckRevamp.app */ = {isa = PBXFileReference; explicitFileType = wrapper.application; includeInIndex = 0; path = StarbuckRevamp.app; sourceTree = BUILT_PRODUCTS_DIR; };
		BAF1A8482AE902F1005C3240 /* StarbuckRevampApp.swift */ = {isa = PBXFileReference; lastKnownFileType = sourcecode.swift; path = StarbuckRevampApp.swift; sourceTree = "<group>"; };
		BAF1A8822AE90505005C3240 /* Assets.xcassets */ = {isa = PBXFileReference; lastKnownFileType = folder.assetcatalog; path = Assets.xcassets; sourceTree = "<group>"; };
		BAF1A8852AE90567005C3240 /* Preview Assets.xcassets */ = {isa = PBXFileReference; lastKnownFileType = folder.assetcatalog; path = "Preview Assets.xcassets"; sourceTree = "<group>"; };
		BAF1A88D2AE9062E005C3240 /* UIImageExtention.swift */ = {isa = PBXFileReference; fileEncoding = 4; lastKnownFileType = sourcecode.swift; path = UIImageExtention.swift; sourceTree = "<group>"; };
		BAF1A88E2AE9062E005C3240 /* ViewExtension.swift */ = {isa = PBXFileReference; fileEncoding = 4; lastKnownFileType = sourcecode.swift; path = ViewExtension.swift; sourceTree = "<group>"; };
		BAF1A8912AE9063C005C3240 /* HomeVC.swift */ = {isa = PBXFileReference; fileEncoding = 4; lastKnownFileType = sourcecode.swift; path = HomeVC.swift; sourceTree = "<group>"; };
		BAF1A8932AE90644005C3240 /* NavBar.swift */ = {isa = PBXFileReference; fileEncoding = 4; lastKnownFileType = sourcecode.swift; path = NavBar.swift; sourceTree = "<group>"; };
		BAF1A8952AE90672005C3240 /* Colors.swift */ = {isa = PBXFileReference; fileEncoding = 4; lastKnownFileType = sourcecode.swift; path = Colors.swift; sourceTree = "<group>"; };
		BAF1A8972AE9F56F005C3240 /* Icons.swift */ = {isa = PBXFileReference; lastKnownFileType = sourcecode.swift; path = Icons.swift; sourceTree = "<group>"; };
		BAF1A89B2AEA077A005C3240 /* WorkSans-Regular.ttf */ = {isa = PBXFileReference; lastKnownFileType = file; path = "WorkSans-Regular.ttf"; sourceTree = "<group>"; };
		BAF1A89C2AEA077A005C3240 /* WorkSans-Light.ttf */ = {isa = PBXFileReference; lastKnownFileType = file; path = "WorkSans-Light.ttf"; sourceTree = "<group>"; };
		BAF1A89D2AEA077A005C3240 /* WorkSans-Medium.ttf */ = {isa = PBXFileReference; lastKnownFileType = file; path = "WorkSans-Medium.ttf"; sourceTree = "<group>"; };
		BAF1A89E2AEA077A005C3240 /* WorkSans-SemiBold.ttf */ = {isa = PBXFileReference; lastKnownFileType = file; path = "WorkSans-SemiBold.ttf"; sourceTree = "<group>"; };
		BAF1A89F2AEA077A005C3240 /* WorkSans-Bold.ttf */ = {isa = PBXFileReference; lastKnownFileType = file; path = "WorkSans-Bold.ttf"; sourceTree = "<group>"; };
		BAF1A8A52AEA07BD005C3240 /* Info.plist */ = {isa = PBXFileReference; lastKnownFileType = text.plist; path = Info.plist; sourceTree = "<group>"; };
		BAF1A8A72AEA1299005C3240 /* Nunito-Medium.ttf */ = {isa = PBXFileReference; lastKnownFileType = file; path = "Nunito-Medium.ttf"; sourceTree = "<group>"; };
		BAF1A8A82AEA1299005C3240 /* Nunito-ExtraBold.ttf */ = {isa = PBXFileReference; lastKnownFileType = file; path = "Nunito-ExtraBold.ttf"; sourceTree = "<group>"; };
		BAF1A8A92AEA1299005C3240 /* Nunito-Light.ttf */ = {isa = PBXFileReference; lastKnownFileType = file; path = "Nunito-Light.ttf"; sourceTree = "<group>"; };
		BAF1A8AA2AEA1299005C3240 /* Nunito-Regular.ttf */ = {isa = PBXFileReference; lastKnownFileType = file; path = "Nunito-Regular.ttf"; sourceTree = "<group>"; };
		BAF1A8AB2AEA1299005C3240 /* Nunito-SemiBold.ttf */ = {isa = PBXFileReference; lastKnownFileType = file; path = "Nunito-SemiBold.ttf"; sourceTree = "<group>"; };
		BAF1A8AC2AEA1299005C3240 /* Nunito-Bold.ttf */ = {isa = PBXFileReference; lastKnownFileType = file; path = "Nunito-Bold.ttf"; sourceTree = "<group>"; };
		BAF1A8B42AEA26AA005C3240 /* ProductModel.swift */ = {isa = PBXFileReference; fileEncoding = 4; lastKnownFileType = sourcecode.swift; path = ProductModel.swift; sourceTree = "<group>"; };
/* End PBXFileReference section */

/* Begin PBXFrameworksBuildPhase section */
		BAF1A8422AE902F1005C3240 /* Frameworks */ = {
			isa = PBXFrameworksBuildPhase;
			buildActionMask = 2147483647;
			files = (
			);
			runOnlyForDeploymentPostprocessing = 0;
		};
/* End PBXFrameworksBuildPhase section */

/* Begin PBXGroup section */
		BA02AC242AEF6631005EA728 /* Basket */ = {
			isa = PBXGroup;
			children = (
				BA5EDD872AF202DA0019455F /* Components */,
				BA02AC252AEF6640005EA728 /* BasketVC.swift */,
			);
			path = Basket;
			sourceTree = "<group>";
		};
		BA5EDD612AEF9B180019455F /* GIft */ = {
			isa = PBXGroup;
			children = (
				BA5EDD622AEF9B2B0019455F /* GiftVC.swift */,
			);
			path = GIft;
			sourceTree = "<group>";
		};
		BA5EDD642AEFA27F0019455F /* NavigationBack */ = {
			isa = PBXGroup;
			children = (
			);
			path = NavigationBack;
			sourceTree = "<group>";
		};
		BA5EDD6F2AF0BE950019455F /* ProductItem */ = {
			isa = PBXGroup;
			children = (
				BA5EDD802AF107B60019455F /* ProductDetail */,
				BACA06002AEB77CA0029076D /* ProductItemView.swift */,
			);
			path = ProductItem;
			sourceTree = "<group>";
		};
		BA5EDD742AF0D9E60019455F /* Modifiers */ = {
			isa = PBXGroup;
			children = (
				BA9E1E8C2AF22FCE000747EC /* ScaleViewStyle.swift */,
			);
			path = Modifiers;
			sourceTree = "<group>";
		};
		BA5EDD792AF0DBCB0019455F /* Constants */ = {
			isa = PBXGroup;
			children = (
			);
			path = Constants;
			sourceTree = "<group>";
		};
		BA5EDD802AF107B60019455F /* ProductDetail */ = {
			isa = PBXGroup;
			children = (
				BA5EDD702AF0BEAB0019455F /* ProductDetailVC.swift */,
				BA5EDD812AF107CF0019455F /* ProductPresenter.swift */,
			);
			path = ProductDetail;
			sourceTree = "<group>";
		};
		BA5EDD872AF202DA0019455F /* Components */ = {
			isa = PBXGroup;
			children = (
				BA5EDD8A2AF2061D0019455F /* BasketItem */,
			);
			path = Components;
			sourceTree = "<group>";
		};
		BA5EDD8A2AF2061D0019455F /* BasketItem */ = {
			isa = PBXGroup;
			children = (
				BA5EDD8B2AF2063A0019455F /* BasketItemPresenter.swift */,
				BA5EDD882AF202F00019455F /* BasketItemVC.swift */,
			);
			path = BasketItem;
			sourceTree = "<group>";
		};
		BA9E1E8E2AF24086000747EC /* CoffeeShop */ = {
			isa = PBXGroup;
			children = (
				BACA06022AEB8B420029076D /* CoffeeShopView.swift */,
			);
			path = CoffeeShop;
			sourceTree = "<group>";
		};
		BACA05FB2AEB4B3B0029076D /* Orders */ = {
			isa = PBXGroup;
			children = (
				BACA05FC2AEB4B530029076D /* OrderVC.swift */,
			);
			path = Orders;
			sourceTree = "<group>";
		};
		BACA06042AEB8BCE0029076D /* Component */ = {
			isa = PBXGroup;
			children = (
			);
			path = Component;
			sourceTree = "<group>";
		};
		BACA06052AEB8F260029076D /* Star */ = {
			isa = PBXGroup;
			children = (
				BACA06102AEBBB380029076D /* Components */,
				BACA06062AEB8F360029076D /* StarVC.swift */,
				BACA060B2AEB94CE0029076D /* StarViewModel.swift */,
			);
			path = Star;
			sourceTree = "<group>";
		};
		BACA06082AEB927B0029076D /* Helpers */ = {
			isa = PBXGroup;
			children = (
				BA5EDD852AF1EEB00019455F /* FloatHelper.swift */,
			);
			path = Helpers;
			sourceTree = "<group>";
		};
		BACA060D2AEBAEA70029076D /* Segment */ = {
			isa = PBXGroup;
			children = (
				BACA060E2AEBAECB0029076D /* CustomSegment.swift */,
			);
			path = Segment;
			sourceTree = "<group>";
		};
		BACA06102AEBBB380029076D /* Components */ = {
			isa = PBXGroup;
			children = (
				BA02AC202AEF4EBD005EA728 /* PayWithStar.swift */,
				BA02AC222AEF5532005EA728 /* ScanToEarn.swift */,
			);
			path = Components;
			sourceTree = "<group>";
		};
		BAF1A83C2AE902F1005C3240 = {
			isa = PBXGroup;
			children = (
				BAF1A8472AE902F1005C3240 /* StarbuckRevamp */,
				BAF1A8462AE902F1005C3240 /* Products */,
			);
			sourceTree = "<group>";
		};
		BAF1A8462AE902F1005C3240 /* Products */ = {
			isa = PBXGroup;
			children = (
				BAF1A8452AE902F1005C3240 /* StarbuckRevamp.app */,
			);
			name = Products;
			sourceTree = "<group>";
		};
		BAF1A8472AE902F1005C3240 /* StarbuckRevamp */ = {
			isa = PBXGroup;
			children = (
				BAF1A8A52AEA07BD005C3240 /* Info.plist */,
				BAF1A8792AE9045E005C3240 /* Commons */,
				BACA06092AEB933D0029076D /* ViewToUIImage.swift */,
				BAF1A8782AE9045E005C3240 /* Models */,
				BAF1A87B2AE9045E005C3240 /* Repositories */,
				BAF1A87D2AE9045E005C3240 /* Screens */,
				BAF1A8812AE9045E005C3240 /* Utils */,
				BAF1A8482AE902F1005C3240 /* StarbuckRevampApp.swift */,
				BAF1A87C2AE9045E005C3240 /* Resources */,
				BAF1A8842AE90567005C3240 /* Preview Content */,
			);
			path = StarbuckRevamp;
			sourceTree = "<group>";
		};
		BAF1A8782AE9045E005C3240 /* Models */ = {
			isa = PBXGroup;
			children = (
				BAF1A8B42AEA26AA005C3240 /* ProductModel.swift */,
				BACA05F92AEA501B0029076D /* ShopModel.swift */,
				BACA05FE2AEB6B190029076D /* ProductCategoryModel.swift */,
				BA02AC272AEF68B7005EA728 /* BasketModel.swift */,
			);
			path = Models;
			sourceTree = "<group>";
		};
		BAF1A8792AE9045E005C3240 /* Commons */ = {
			isa = PBXGroup;
			children = (
				BA5EDD792AF0DBCB0019455F /* Constants */,
				BA5EDD742AF0D9E60019455F /* Modifiers */,
				BACA06082AEB927B0029076D /* Helpers */,
				BAF1A87A2AE9045E005C3240 /* Extensions */,
			);
			path = Commons;
			sourceTree = "<group>";
		};
		BAF1A87A2AE9045E005C3240 /* Extensions */ = {
			isa = PBXGroup;
			children = (
				BAF1A88D2AE9062E005C3240 /* UIImageExtention.swift */,
				BAF1A88E2AE9062E005C3240 /* ViewExtension.swift */,
				BA5EDD6D2AF0AD260019455F /* BackNavigate.swift */,
			);
			path = Extensions;
			sourceTree = "<group>";
		};
		BAF1A87B2AE9045E005C3240 /* Repositories */ = {
			isa = PBXGroup;
			children = (
			);
			path = Repositories;
			sourceTree = "<group>";
		};
		BAF1A87C2AE9045E005C3240 /* Resources */ = {
			isa = PBXGroup;
			children = (
				BAF1A89A2AEA077A005C3240 /* Fonts */,
				BAF1A8822AE90505005C3240 /* Assets.xcassets */,
			);
			path = Resources;
			sourceTree = "<group>";
		};
		BAF1A87D2AE9045E005C3240 /* Screens */ = {
			isa = PBXGroup;
			children = (
				BA02AC242AEF6631005EA728 /* Basket */,
				BACA06052AEB8F260029076D /* Star */,
				BACA05FB2AEB4B3B0029076D /* Orders */,
				BAF1A87E2AE9045E005C3240 /* Home */,
				BAF1A87F2AE9045E005C3240 /* Common */,
				BAF1A8802AE9045E005C3240 /* NavigationTab */,
			);
			path = Screens;
			sourceTree = "<group>";
		};
		BAF1A87E2AE9045E005C3240 /* Home */ = {
			isa = PBXGroup;
			children = (
				BA5EDD612AEF9B180019455F /* GIft */,
				BACA06042AEB8BCE0029076D /* Component */,
				BAF1A8912AE9063C005C3240 /* HomeVC.swift */,
			);
			path = Home;
			sourceTree = "<group>";
		};
		BAF1A87F2AE9045E005C3240 /* Common */ = {
			isa = PBXGroup;
			children = (
				BA9E1E8E2AF24086000747EC /* CoffeeShop */,
				BA5EDD6F2AF0BE950019455F /* ProductItem */,
				BA5EDD642AEFA27F0019455F /* NavigationBack */,
				BACA060D2AEBAEA70029076D /* Segment */,
			);
			path = Common;
			sourceTree = "<group>";
		};
		BAF1A8802AE9045E005C3240 /* NavigationTab */ = {
			isa = PBXGroup;
			children = (
				BAF1A8932AE90644005C3240 /* NavBar.swift */,
				BA5EDD672AF093CD0019455F /* NavBarPresenter.swift */,
			);
			path = NavigationTab;
			sourceTree = "<group>";
		};
		BAF1A8812AE9045E005C3240 /* Utils */ = {
			isa = PBXGroup;
			children = (
				BAF1A8952AE90672005C3240 /* Colors.swift */,
				BAF1A8972AE9F56F005C3240 /* Icons.swift */,
			);
			path = Utils;
			sourceTree = "<group>";
		};
		BAF1A8842AE90567005C3240 /* Preview Content */ = {
			isa = PBXGroup;
			children = (
				BAF1A8852AE90567005C3240 /* Preview Assets.xcassets */,
			);
			path = "Preview Content";
			sourceTree = "<group>";
		};
		BAF1A89A2AEA077A005C3240 /* Fonts */ = {
			isa = PBXGroup;
			children = (
				BAF1A8A62AEA1299005C3240 /* Nunito */,
				BAF1A89B2AEA077A005C3240 /* WorkSans-Regular.ttf */,
				BAF1A89C2AEA077A005C3240 /* WorkSans-Light.ttf */,
				BAF1A89D2AEA077A005C3240 /* WorkSans-Medium.ttf */,
				BAF1A89E2AEA077A005C3240 /* WorkSans-SemiBold.ttf */,
				BAF1A89F2AEA077A005C3240 /* WorkSans-Bold.ttf */,
			);
			path = Fonts;
			sourceTree = "<group>";
		};
		BAF1A8A62AEA1299005C3240 /* Nunito */ = {
			isa = PBXGroup;
			children = (
				BAF1A8A72AEA1299005C3240 /* Nunito-Medium.ttf */,
				BAF1A8A82AEA1299005C3240 /* Nunito-ExtraBold.ttf */,
				BAF1A8A92AEA1299005C3240 /* Nunito-Light.ttf */,
				BAF1A8AA2AEA1299005C3240 /* Nunito-Regular.ttf */,
				BAF1A8AB2AEA1299005C3240 /* Nunito-SemiBold.ttf */,
				BAF1A8AC2AEA1299005C3240 /* Nunito-Bold.ttf */,
			);
			path = Nunito;
			sourceTree = "<group>";
		};
/* End PBXGroup section */

/* Begin PBXNativeTarget section */
		BAF1A8442AE902F1005C3240 /* StarbuckRevamp */ = {
			isa = PBXNativeTarget;
			buildConfigurationList = BAF1A8532AE902F2005C3240 /* Build configuration list for PBXNativeTarget "StarbuckRevamp" */;
			buildPhases = (
				BAF1A8412AE902F1005C3240 /* Sources */,
				BAF1A8422AE902F1005C3240 /* Frameworks */,
				BAF1A8432AE902F1005C3240 /* Resources */,
			);
			buildRules = (
			);
			dependencies = (
			);
			name = StarbuckRevamp;
			productName = StarbuckRevamp;
			productReference = BAF1A8452AE902F1005C3240 /* StarbuckRevamp.app */;
			productType = "com.apple.product-type.application";
		};
/* End PBXNativeTarget section */

/* Begin PBXProject section */
		BAF1A83D2AE902F1005C3240 /* Project object */ = {
			isa = PBXProject;
			attributes = {
				BuildIndependentTargetsInParallel = 1;
				LastSwiftUpdateCheck = 1500;
				LastUpgradeCheck = 1500;
				TargetAttributes = {
					BAF1A8442AE902F1005C3240 = {
						CreatedOnToolsVersion = 15.0;
					};
				};
			};
			buildConfigurationList = BAF1A8402AE902F1005C3240 /* Build configuration list for PBXProject "StarbuckRevamp" */;
			compatibilityVersion = "Xcode 14.0";
			developmentRegion = en;
			hasScannedForEncodings = 0;
			knownRegions = (
				en,
				Base,
			);
			mainGroup = BAF1A83C2AE902F1005C3240;
			productRefGroup = BAF1A8462AE902F1005C3240 /* Products */;
			projectDirPath = "";
			projectRoot = "";
			targets = (
				BAF1A8442AE902F1005C3240 /* StarbuckRevamp */,
			);
		};
/* End PBXProject section */

/* Begin PBXResourcesBuildPhase section */
		BAF1A8432AE902F1005C3240 /* Resources */ = {
			isa = PBXResourcesBuildPhase;
			buildActionMask = 2147483647;
			files = (
				BAF1A8B12AEA1299005C3240 /* Nunito-SemiBold.ttf in Resources */,
				BAF1A8B02AEA1299005C3240 /* Nunito-Regular.ttf in Resources */,
				BAF1A8B22AEA1299005C3240 /* Nunito-Bold.ttf in Resources */,
				BAF1A8AD2AEA1299005C3240 /* Nunito-Medium.ttf in Resources */,
				BAF1A8A02AEA077A005C3240 /* WorkSans-Regular.ttf in Resources */,
				BAF1A8862AE90567005C3240 /* Preview Assets.xcassets in Resources */,
				BAF1A8AE2AEA1299005C3240 /* Nunito-ExtraBold.ttf in Resources */,
				BAF1A8832AE90505005C3240 /* Assets.xcassets in Resources */,
				BAF1A8A32AEA077A005C3240 /* WorkSans-SemiBold.ttf in Resources */,
				BAF1A8AF2AEA1299005C3240 /* Nunito-Light.ttf in Resources */,
				BAF1A8A22AEA077A005C3240 /* WorkSans-Medium.ttf in Resources */,
				BAF1A8A12AEA077A005C3240 /* WorkSans-Light.ttf in Resources */,
				BAF1A8A42AEA077A005C3240 /* WorkSans-Bold.ttf in Resources */,
			);
			runOnlyForDeploymentPostprocessing = 0;
		};
/* End PBXResourcesBuildPhase section */

/* Begin PBXSourcesBuildPhase section */
		BAF1A8412AE902F1005C3240 /* Sources */ = {
			isa = PBXSourcesBuildPhase;
			buildActionMask = 2147483647;
			files = (
				BA5EDD892AF202F00019455F /* BasketItemVC.swift in Sources */,
				BA5EDD632AEF9B2B0019455F /* GiftVC.swift in Sources */,
				BACA060A2AEB933D0029076D /* ViewToUIImage.swift in Sources */,
				BA9E1E8D2AF22FCE000747EC /* ScaleViewStyle.swift in Sources */,
				BACA06012AEB77CA0029076D /* ProductItemView.swift in Sources */,
				BACA060F2AEBAECB0029076D /* CustomSegment.swift in Sources */,
				BAF1A8982AE9F56F005C3240 /* Icons.swift in Sources */,
				BA5EDD6E2AF0AD260019455F /* BackNavigate.swift in Sources */,
				BAF1A8942AE90644005C3240 /* NavBar.swift in Sources */,
				BACA060C2AEB94CE0029076D /* StarViewModel.swift in Sources */,
				BA5EDD8C2AF2063A0019455F /* BasketItemPresenter.swift in Sources */,
				BAF1A8962AE90672005C3240 /* Colors.swift in Sources */,
				BACA05FA2AEA501B0029076D /* ShopModel.swift in Sources */,
				BA5EDD862AF1EEB00019455F /* FloatHelper.swift in Sources */,
				BA5EDD822AF107D00019455F /* ProductPresenter.swift in Sources */,
				BAF1A8902AE9062E005C3240 /* ViewExtension.swift in Sources */,
				BACA06072AEB8F360029076D /* StarVC.swift in Sources */,
				BACA05FF2AEB6B190029076D /* ProductCategoryModel.swift in Sources */,
				BA5EDD682AF093CD0019455F /* NavBarPresenter.swift in Sources */,
				BAF1A8922AE9063C005C3240 /* HomeVC.swift in Sources */,
				BA02AC232AEF5532005EA728 /* ScanToEarn.swift in Sources */,
				BA5EDD712AF0BEAB0019455F /* ProductDetailVC.swift in Sources */,
				BAF1A88F2AE9062E005C3240 /* UIImageExtention.swift in Sources */,
				BAF1A8492AE902F1005C3240 /* StarbuckRevampApp.swift in Sources */,
				BA02AC212AEF4EBD005EA728 /* PayWithStar.swift in Sources */,
				BA02AC282AEF68B7005EA728 /* BasketModel.swift in Sources */,
				BA02AC262AEF6640005EA728 /* BasketVC.swift in Sources */,
				BAF1A8B52AEA26AA005C3240 /* ProductModel.swift in Sources */,
				BACA06032AEB8B420029076D /* CoffeeShopView.swift in Sources */,
				BACA05FD2AEB4B530029076D /* OrderVC.swift in Sources */,
			);
			runOnlyForDeploymentPostprocessing = 0;
		};
/* End PBXSourcesBuildPhase section */

/* Begin XCBuildConfiguration section */
		BAF1A8512AE902F2005C3240 /* Debug */ = {
			isa = XCBuildConfiguration;
			buildSettings = {
				ALWAYS_SEARCH_USER_PATHS = NO;
				ASSETCATALOG_COMPILER_GENERATE_SWIFT_ASSET_SYMBOL_EXTENSIONS = YES;
				CLANG_ANALYZER_NONNULL = YES;
				CLANG_ANALYZER_NUMBER_OBJECT_CONVERSION = YES_AGGRESSIVE;
				CLANG_CXX_LANGUAGE_STANDARD = "gnu++20";
				CLANG_ENABLE_MODULES = YES;
				CLANG_ENABLE_OBJC_ARC = YES;
				CLANG_ENABLE_OBJC_WEAK = YES;
				CLANG_WARN_BLOCK_CAPTURE_AUTORELEASING = YES;
				CLANG_WARN_BOOL_CONVERSION = YES;
				CLANG_WARN_COMMA = YES;
				CLANG_WARN_CONSTANT_CONVERSION = YES;
				CLANG_WARN_DEPRECATED_OBJC_IMPLEMENTATIONS = YES;
				CLANG_WARN_DIRECT_OBJC_ISA_USAGE = YES_ERROR;
				CLANG_WARN_DOCUMENTATION_COMMENTS = YES;
				CLANG_WARN_EMPTY_BODY = YES;
				CLANG_WARN_ENUM_CONVERSION = YES;
				CLANG_WARN_INFINITE_RECURSION = YES;
				CLANG_WARN_INT_CONVERSION = YES;
				CLANG_WARN_NON_LITERAL_NULL_CONVERSION = YES;
				CLANG_WARN_OBJC_IMPLICIT_RETAIN_SELF = YES;
				CLANG_WARN_OBJC_LITERAL_CONVERSION = YES;
				CLANG_WARN_OBJC_ROOT_CLASS = YES_ERROR;
				CLANG_WARN_QUOTED_INCLUDE_IN_FRAMEWORK_HEADER = YES;
				CLANG_WARN_RANGE_LOOP_ANALYSIS = YES;
				CLANG_WARN_STRICT_PROTOTYPES = YES;
				CLANG_WARN_SUSPICIOUS_MOVE = YES;
				CLANG_WARN_UNGUARDED_AVAILABILITY = YES_AGGRESSIVE;
				CLANG_WARN_UNREACHABLE_CODE = YES;
				CLANG_WARN__DUPLICATE_METHOD_MATCH = YES;
				COPY_PHASE_STRIP = NO;
				DEBUG_INFORMATION_FORMAT = dwarf;
				ENABLE_STRICT_OBJC_MSGSEND = YES;
				ENABLE_TESTABILITY = YES;
				ENABLE_USER_SCRIPT_SANDBOXING = YES;
				GCC_C_LANGUAGE_STANDARD = gnu17;
				GCC_DYNAMIC_NO_PIC = NO;
				GCC_NO_COMMON_BLOCKS = YES;
				GCC_OPTIMIZATION_LEVEL = 0;
				GCC_PREPROCESSOR_DEFINITIONS = (
					"DEBUG=1",
					"$(inherited)",
				);
				GCC_WARN_64_TO_32_BIT_CONVERSION = YES;
				GCC_WARN_ABOUT_RETURN_TYPE = YES_ERROR;
				GCC_WARN_UNDECLARED_SELECTOR = YES;
				GCC_WARN_UNINITIALIZED_AUTOS = YES_AGGRESSIVE;
				GCC_WARN_UNUSED_FUNCTION = YES;
				GCC_WARN_UNUSED_VARIABLE = YES;
				IPHONEOS_DEPLOYMENT_TARGET = 17.0;
				LOCALIZATION_PREFERS_STRING_CATALOGS = YES;
				MTL_ENABLE_DEBUG_INFO = INCLUDE_SOURCE;
				MTL_FAST_MATH = YES;
				ONLY_ACTIVE_ARCH = YES;
				SDKROOT = iphoneos;
				SWIFT_ACTIVE_COMPILATION_CONDITIONS = "DEBUG $(inherited)";
				SWIFT_OPTIMIZATION_LEVEL = "-Onone";
			};
			name = Debug;
		};
		BAF1A8522AE902F2005C3240 /* Release */ = {
			isa = XCBuildConfiguration;
			buildSettings = {
				ALWAYS_SEARCH_USER_PATHS = NO;
				ASSETCATALOG_COMPILER_GENERATE_SWIFT_ASSET_SYMBOL_EXTENSIONS = YES;
				CLANG_ANALYZER_NONNULL = YES;
				CLANG_ANALYZER_NUMBER_OBJECT_CONVERSION = YES_AGGRESSIVE;
				CLANG_CXX_LANGUAGE_STANDARD = "gnu++20";
				CLANG_ENABLE_MODULES = YES;
				CLANG_ENABLE_OBJC_ARC = YES;
				CLANG_ENABLE_OBJC_WEAK = YES;
				CLANG_WARN_BLOCK_CAPTURE_AUTORELEASING = YES;
				CLANG_WARN_BOOL_CONVERSION = YES;
				CLANG_WARN_COMMA = YES;
				CLANG_WARN_CONSTANT_CONVERSION = YES;
				CLANG_WARN_DEPRECATED_OBJC_IMPLEMENTATIONS = YES;
				CLANG_WARN_DIRECT_OBJC_ISA_USAGE = YES_ERROR;
				CLANG_WARN_DOCUMENTATION_COMMENTS = YES;
				CLANG_WARN_EMPTY_BODY = YES;
				CLANG_WARN_ENUM_CONVERSION = YES;
				CLANG_WARN_INFINITE_RECURSION = YES;
				CLANG_WARN_INT_CONVERSION = YES;
				CLANG_WARN_NON_LITERAL_NULL_CONVERSION = YES;
				CLANG_WARN_OBJC_IMPLICIT_RETAIN_SELF = YES;
				CLANG_WARN_OBJC_LITERAL_CONVERSION = YES;
				CLANG_WARN_OBJC_ROOT_CLASS = YES_ERROR;
				CLANG_WARN_QUOTED_INCLUDE_IN_FRAMEWORK_HEADER = YES;
				CLANG_WARN_RANGE_LOOP_ANALYSIS = YES;
				CLANG_WARN_STRICT_PROTOTYPES = YES;
				CLANG_WARN_SUSPICIOUS_MOVE = YES;
				CLANG_WARN_UNGUARDED_AVAILABILITY = YES_AGGRESSIVE;
				CLANG_WARN_UNREACHABLE_CODE = YES;
				CLANG_WARN__DUPLICATE_METHOD_MATCH = YES;
				COPY_PHASE_STRIP = NO;
				DEBUG_INFORMATION_FORMAT = "dwarf-with-dsym";
				ENABLE_NS_ASSERTIONS = NO;
				ENABLE_STRICT_OBJC_MSGSEND = YES;
				ENABLE_USER_SCRIPT_SANDBOXING = YES;
				GCC_C_LANGUAGE_STANDARD = gnu17;
				GCC_NO_COMMON_BLOCKS = YES;
				GCC_WARN_64_TO_32_BIT_CONVERSION = YES;
				GCC_WARN_ABOUT_RETURN_TYPE = YES_ERROR;
				GCC_WARN_UNDECLARED_SELECTOR = YES;
				GCC_WARN_UNINITIALIZED_AUTOS = YES_AGGRESSIVE;
				GCC_WARN_UNUSED_FUNCTION = YES;
				GCC_WARN_UNUSED_VARIABLE = YES;
				IPHONEOS_DEPLOYMENT_TARGET = 17.0;
				LOCALIZATION_PREFERS_STRING_CATALOGS = YES;
				MTL_ENABLE_DEBUG_INFO = NO;
				MTL_FAST_MATH = YES;
				SDKROOT = iphoneos;
				SWIFT_COMPILATION_MODE = wholemodule;
				VALIDATE_PRODUCT = YES;
			};
			name = Release;
		};
		BAF1A8542AE902F2005C3240 /* Debug */ = {
			isa = XCBuildConfiguration;
			buildSettings = {
				ASSETCATALOG_COMPILER_APPICON_NAME = AppIcon;
				ASSETCATALOG_COMPILER_GLOBAL_ACCENT_COLOR_NAME = AccentColor;
				CODE_SIGN_STYLE = Automatic;
				CURRENT_PROJECT_VERSION = 1;
				DEVELOPMENT_ASSET_PATHS = "\"StarbuckRevamp/Preview Content\"";
				DEVELOPMENT_TEAM = JF5Q6HSWBK;
				ENABLE_PREVIEWS = YES;
				GENERATE_INFOPLIST_FILE = YES;
				INFOPLIST_FILE = StarbuckRevamp/Info.plist;
				INFOPLIST_KEY_UIApplicationSceneManifest_Generation = YES;
				INFOPLIST_KEY_UIApplicationSupportsIndirectInputEvents = YES;
				INFOPLIST_KEY_UILaunchScreen_Generation = YES;
				INFOPLIST_KEY_UISupportedInterfaceOrientations = UIInterfaceOrientationPortrait;
				LD_RUNPATH_SEARCH_PATHS = (
					"$(inherited)",
					"@executable_path/Frameworks",
				);
				MARKETING_VERSION = 1.0;
				PRODUCT_BUNDLE_IDENTIFIER = starbuck.revamp.StarbuckRevamp;
				PRODUCT_NAME = "$(TARGET_NAME)";
				SUPPORTED_PLATFORMS = "iphoneos iphonesimulator";
				SUPPORTS_MACCATALYST = NO;
				SUPPORTS_MAC_DESIGNED_FOR_IPHONE_IPAD = NO;
				SWIFT_EMIT_LOC_STRINGS = YES;
				SWIFT_VERSION = 5.0;
				TARGETED_DEVICE_FAMILY = "1,2";
			};
			name = Debug;
		};
		BAF1A8552AE902F2005C3240 /* Release */ = {
			isa = XCBuildConfiguration;
			buildSettings = {
				ASSETCATALOG_COMPILER_APPICON_NAME = AppIcon;
				ASSETCATALOG_COMPILER_GLOBAL_ACCENT_COLOR_NAME = AccentColor;
				CODE_SIGN_STYLE = Automatic;
				CURRENT_PROJECT_VERSION = 1;
				DEVELOPMENT_ASSET_PATHS = "\"StarbuckRevamp/Preview Content\"";
				DEVELOPMENT_TEAM = JF5Q6HSWBK;
				ENABLE_PREVIEWS = YES;
				GENERATE_INFOPLIST_FILE = YES;
				INFOPLIST_FILE = StarbuckRevamp/Info.plist;
				INFOPLIST_KEY_UIApplicationSceneManifest_Generation = YES;
				INFOPLIST_KEY_UIApplicationSupportsIndirectInputEvents = YES;
				INFOPLIST_KEY_UILaunchScreen_Generation = YES;
				INFOPLIST_KEY_UISupportedInterfaceOrientations = UIInterfaceOrientationPortrait;
				LD_RUNPATH_SEARCH_PATHS = (
					"$(inherited)",
					"@executable_path/Frameworks",
				);
				MARKETING_VERSION = 1.0;
				PRODUCT_BUNDLE_IDENTIFIER = starbuck.revamp.StarbuckRevamp;
				PRODUCT_NAME = "$(TARGET_NAME)";
				SUPPORTED_PLATFORMS = "iphoneos iphonesimulator";
				SUPPORTS_MACCATALYST = NO;
				SUPPORTS_MAC_DESIGNED_FOR_IPHONE_IPAD = NO;
				SWIFT_EMIT_LOC_STRINGS = YES;
				SWIFT_VERSION = 5.0;
				TARGETED_DEVICE_FAMILY = "1,2";
			};
			name = Release;
		};
/* End XCBuildConfiguration section */

/* Begin XCConfigurationList section */
		BAF1A8402AE902F1005C3240 /* Build configuration list for PBXProject "StarbuckRevamp" */ = {
			isa = XCConfigurationList;
			buildConfigurations = (
				BAF1A8512AE902F2005C3240 /* Debug */,
				BAF1A8522AE902F2005C3240 /* Release */,
			);
			defaultConfigurationIsVisible = 0;
			defaultConfigurationName = Release;
		};
		BAF1A8532AE902F2005C3240 /* Build configuration list for PBXNativeTarget "StarbuckRevamp" */ = {
			isa = XCConfigurationList;
			buildConfigurations = (
				BAF1A8542AE902F2005C3240 /* Debug */,
				BAF1A8552AE902F2005C3240 /* Release */,
			);
			defaultConfigurationIsVisible = 0;
			defaultConfigurationName = Release;
		};
/* End XCConfigurationList section */
	};
	rootObject = BAF1A83D2AE902F1005C3240 /* Project object */;
}
